// !$*UTF8*$!
{
	archiveVersion = 1;
	classes = {
	};
	objectVersion = 46;
	objects = {

/* Begin PBXBuildFile section */
		046C5C251E12449B001B7C61 /* FirebaseStorage.framework in Frameworks */ = {isa = PBXBuildFile; fileRef = 046C5C231E12449B001B7C61 /* FirebaseStorage.framework */; };
		046C5C261E12449B001B7C61 /* GoogleNetworkingUtilities.framework in Frameworks */ = {isa = PBXBuildFile; fileRef = 046C5C241E12449B001B7C61 /* GoogleNetworkingUtilities.framework */; };
		046C5C2A1E129F2B001B7C61 /* AdminProfileViewController.swift in Sources */ = {isa = PBXBuildFile; fileRef = 046C5C291E129F2B001B7C61 /* AdminProfileViewController.swift */; };
		046D01321E37A9E3004D1A25 /* AdminEventsGalleryCommentsViewController.swift in Sources */ = {isa = PBXBuildFile; fileRef = 046D01311E37A9E3004D1A25 /* AdminEventsGalleryCommentsViewController.swift */; };
		04A4ACA81E15718000884164 /* AdminEventReviewTableViewCell.swift in Sources */ = {isa = PBXBuildFile; fileRef = 04A4ACA71E15718000884164 /* AdminEventReviewTableViewCell.swift */; };
		04D725451E0D5C8200603CCA /* AdminEventsNewViewController.swift in Sources */ = {isa = PBXBuildFile; fileRef = 04D725441E0D5C8200603CCA /* AdminEventsNewViewController.swift */; };
		04D725471E0D5CD200603CCA /* AdminEventsDetailViewController.swift in Sources */ = {isa = PBXBuildFile; fileRef = 04D725461E0D5CD200603CCA /* AdminEventsDetailViewController.swift */; };
		04E6489B1E1537BE00651FA5 /* AdminEventGalleryCollectionViewCell.swift in Sources */ = {isa = PBXBuildFile; fileRef = 04E6489A1E1537BE00651FA5 /* AdminEventGalleryCollectionViewCell.swift */; };
		04E864D61E33A5CA00FD07D6 /* AdminEventsViewMasterViewController.swift in Sources */ = {isa = PBXBuildFile; fileRef = 04E864D51E33A5CA00FD07D6 /* AdminEventsViewMasterViewController.swift */; };
		04E93EF61E36141F0044820D /* SignupViewController.swift in Sources */ = {isa = PBXBuildFile; fileRef = 04E93EF51E36141F0044820D /* SignupViewController.swift */; };
		04E93EFA1E363F0A0044820D /* AdminEventsGalleryDetailsViewController.swift in Sources */ = {isa = PBXBuildFile; fileRef = 04E93EF91E363F0A0044820D /* AdminEventsGalleryDetailsViewController.swift */; };
		04EA47351E13DACB006797D9 /* AdminEventsMasterDetailViewController.swift in Sources */ = {isa = PBXBuildFile; fileRef = 04EA47341E13DACB006797D9 /* AdminEventsMasterDetailViewController.swift */; };
		04EA47371E13DB1F006797D9 /* AdminEventsGalleryViewController.swift in Sources */ = {isa = PBXBuildFile; fileRef = 04EA47361E13DB1F006797D9 /* AdminEventsGalleryViewController.swift */; };
		04EA47391E1401E3006797D9 /* AdminEventsReviewViewController.swift in Sources */ = {isa = PBXBuildFile; fileRef = 04EA47381E1401E3006797D9 /* AdminEventsReviewViewController.swift */; };
		04ECCCCF1E30B38700BEB70C /* AdminStatisticsMoreTableViewController.swift in Sources */ = {isa = PBXBuildFile; fileRef = 04ECCCCE1E30B38700BEB70C /* AdminStatisticsMoreTableViewController.swift */; };
		04ECCCD11E30B3FA00BEB70C /* AdminStatisticsMoreTableViewCell.swift in Sources */ = {isa = PBXBuildFile; fileRef = 04ECCCD01E30B3FA00BEB70C /* AdminStatisticsMoreTableViewCell.swift */; };
		04ED18391E17FD93009CA0CD /* AdminStatisticsMasterViewController.swift in Sources */ = {isa = PBXBuildFile; fileRef = 04ED18381E17FD93009CA0CD /* AdminStatisticsMasterViewController.swift */; };
		04ED183B1E17FDE5009CA0CD /* AdminStatisticsOneViewController.swift in Sources */ = {isa = PBXBuildFile; fileRef = 04ED183A1E17FDE5009CA0CD /* AdminStatisticsOneViewController.swift */; };
		04ED183D1E17FEA0009CA0CD /* AdminStatisticsTwoViewController.swift in Sources */ = {isa = PBXBuildFile; fileRef = 04ED183C1E17FEA0009CA0CD /* AdminStatisticsTwoViewController.swift */; };
		04EF86891E10DAE600842FC4 /* CoreLocation.framework in Frameworks */ = {isa = PBXBuildFile; fileRef = 04EF86881E10DAE600842FC4 /* CoreLocation.framework */; };
		04EF868B1E10DAF800842FC4 /* MapKit.framework in Frameworks */ = {isa = PBXBuildFile; fileRef = 04EF868A1E10DAF800842FC4 /* MapKit.framework */; };
		04EF868F1E10DE5300842FC4 /* AdminEventsLocationSearchTableViewController.swift in Sources */ = {isa = PBXBuildFile; fileRef = 04EF868E1E10DE5300842FC4 /* AdminEventsLocationSearchTableViewController.swift */; };
		04EF86911E10E01400842FC4 /* AdminEventsMapViewController.swift in Sources */ = {isa = PBXBuildFile; fileRef = 04EF86901E10E01400842FC4 /* AdminEventsMapViewController.swift */; };
		04F2694D1E0D3ACA00361510 /* AdminEventTableViewCell.swift in Sources */ = {isa = PBXBuildFile; fileRef = 04F2694C1E0D3ACA00361510 /* AdminEventTableViewCell.swift */; };
		27B88D7C1DF2B9B80045C98B /* UserMain.storyboard in Resources */ = {isa = PBXBuildFile; fileRef = 27B88D7B1DF2B9B80045C98B /* UserMain.storyboard */; };
		27B88D7E1DF2B9CD0045C98B /* UserProfile.storyboard in Resources */ = {isa = PBXBuildFile; fileRef = 27B88D7D1DF2B9CD0045C98B /* UserProfile.storyboard */; };
		27B88D801DF2B9DD0045C98B /* UserInbox.storyboard in Resources */ = {isa = PBXBuildFile; fileRef = 27B88D7F1DF2B9DD0045C98B /* UserInbox.storyboard */; };
		27B88D821DF2B9ED0045C98B /* UserLeaderboard.storyboard in Resources */ = {isa = PBXBuildFile; fileRef = 27B88D811DF2B9ED0045C98B /* UserLeaderboard.storyboard */; };
		27B88D841DF2B9F80045C98B /* UserEvents.storyboard in Resources */ = {isa = PBXBuildFile; fileRef = 27B88D831DF2B9F80045C98B /* UserEvents.storyboard */; };
		27B88D861DF2BA040045C98B /* UserSocial.storyboard in Resources */ = {isa = PBXBuildFile; fileRef = 27B88D851DF2BA040045C98B /* UserSocial.storyboard */; };
		61075E381E351B7900E25AB3 /* UserSocialMainEventAlbumsCollectionViewCell.swift in Sources */ = {isa = PBXBuildFile; fileRef = 61075E371E351B7900E25AB3 /* UserSocialMainEventAlbumsCollectionViewCell.swift */; };
		61075E3A1E351C4C00E25AB3 /* UserSocialMainEventAlbumsCollectionViewController.swift in Sources */ = {isa = PBXBuildFile; fileRef = 61075E391E351C4C00E25AB3 /* UserSocialMainEventAlbumsCollectionViewController.swift */; };
		61075E3E1E3530D900E25AB3 /* UserSocialMainEventAlbumDetailViewController.swift in Sources */ = {isa = PBXBuildFile; fileRef = 61075E3D1E3530D900E25AB3 /* UserSocialMainEventAlbumDetailViewController.swift */; };
		611C501B1E16CC140044E359 /* UserSocialMasterForMainViewController.swift in Sources */ = {isa = PBXBuildFile; fileRef = 611C501A1E16CC140044E359 /* UserSocialMasterForMainViewController.swift */; };
		612647051E2E3955008DC73A /* UserSocialUploadImageViewController.swift in Sources */ = {isa = PBXBuildFile; fileRef = 612647041E2E3955008DC73A /* UserSocialUploadImageViewController.swift */; };
		6126470A1E2E64DA008DC73A /* UserSocialMainListTableViewController.swift in Sources */ = {isa = PBXBuildFile; fileRef = 612647091E2E64DA008DC73A /* UserSocialMainListTableViewController.swift */; };
		6126470E1E2E64E7008DC73A /* UserSocialMainListTableViewCell.swift in Sources */ = {isa = PBXBuildFile; fileRef = 6126470D1E2E64E7008DC73A /* UserSocialMainListTableViewCell.swift */; };
		612647101E2E86D6008DC73A /* UserSocialProfileOwnCollectionViewCell.swift in Sources */ = {isa = PBXBuildFile; fileRef = 6126470F1E2E86D6008DC73A /* UserSocialProfileOwnCollectionViewCell.swift */; };
		612647131E2E86F2008DC73A /* UserSocialProfileLikedCollectionViewCell.swift in Sources */ = {isa = PBXBuildFile; fileRef = 612647111E2E86F2008DC73A /* UserSocialProfileLikedCollectionViewCell.swift */; };
		612647161E2E8771008DC73A /* UserSocialProfileLikedCollectionViewController.swift in Sources */ = {isa = PBXBuildFile; fileRef = 612647151E2E8771008DC73A /* UserSocialProfileLikedCollectionViewController.swift */; };
		612647181E2E877D008DC73A /* UserSocialProfileOwnCollectionViewController.swift in Sources */ = {isa = PBXBuildFile; fileRef = 612647171E2E877D008DC73A /* UserSocialProfileOwnCollectionViewController.swift */; };
		61296A9C1E16B706007CA079 /* Charts.framework in Frameworks */ = {isa = PBXBuildFile; fileRef = 61985AFB1E16A65700D7AB37 /* Charts.framework */; };
		61296A9D1E16B706007CA079 /* Charts.framework in Embed Frameworks */ = {isa = PBXBuildFile; fileRef = 61985AFB1E16A65700D7AB37 /* Charts.framework */; settings = {ATTRIBUTES = (CodeSignOnCopy, RemoveHeadersOnCopy, ); }; };
		61914E3D1E379A6400FF03F3 /* Assets.xcassets in Resources */ = {isa = PBXBuildFile; fileRef = 61914E3C1E379A6400FF03F3 /* Assets.xcassets */; };
		61ABEC491E2B392500786152 /* UserSocialSelectImageViewController.swift in Sources */ = {isa = PBXBuildFile; fileRef = 61ABEC481E2B392500786152 /* UserSocialSelectImageViewController.swift */; };
		61B149F91E2F14CF00605BCB /* UserSocialMainAlbumCollectionViewController.swift in Sources */ = {isa = PBXBuildFile; fileRef = 61B149F81E2F14CF00605BCB /* UserSocialMainAlbumCollectionViewController.swift */; };
		61B149FD1E2F14DC00605BCB /* UserSocialMainAlbumCollectionViewCell.swift in Sources */ = {isa = PBXBuildFile; fileRef = 61B149FC1E2F14DC00605BCB /* UserSocialMainAlbumCollectionViewCell.swift */; };
		61B149FF1E2F14EB00605BCB /* UserSocialMainAlbumTableViewController.swift in Sources */ = {isa = PBXBuildFile; fileRef = 61B149FE1E2F14EB00605BCB /* UserSocialMainAlbumTableViewController.swift */; };
		61B14A011E2F14F800605BCB /* UserSocialMainAlbumTableViewCell.swift in Sources */ = {isa = PBXBuildFile; fileRef = 61B14A001E2F14F800605BCB /* UserSocialMainAlbumTableViewCell.swift */; };
		61B25FFB1E37E13B0090A70D /* UserProfileEditPasswordViewController.swift in Sources */ = {isa = PBXBuildFile; fileRef = 61B25FFA1E37E13B0090A70D /* UserProfileEditPasswordViewController.swift */; };
		61B4431A1E32435A00E3EE94 /* UserProfileViewController.swift in Sources */ = {isa = PBXBuildFile; fileRef = 61B443191E32435A00E3EE94 /* UserProfileViewController.swift */; };
		61B4431C1E32437F00E3EE94 /* UserProfileDM.swift in Sources */ = {isa = PBXBuildFile; fileRef = 61B4431B1E32437F00E3EE94 /* UserProfileDM.swift */; };
		61B4431E1E327FE300E3EE94 /* UserProfileViewBadgesCollectionViewCell.swift in Sources */ = {isa = PBXBuildFile; fileRef = 61B4431D1E327FE300E3EE94 /* UserProfileViewBadgesCollectionViewCell.swift */; };
		61B443201E327FF400E3EE94 /* UserProfileViewOwnPhotosCollectionViewCell.swift in Sources */ = {isa = PBXBuildFile; fileRef = 61B4431F1E327FF400E3EE94 /* UserProfileViewOwnPhotosCollectionViewCell.swift */; };
		61B443221E327FFF00E3EE94 /* UserProfileViewLikedPhotosCollectionViewCell.swift in Sources */ = {isa = PBXBuildFile; fileRef = 61B443211E327FFF00E3EE94 /* UserProfileViewLikedPhotosCollectionViewCell.swift */; };
		61B443241E32801500E3EE94 /* UserProfileViewBadgesCollectionViewController.swift in Sources */ = {isa = PBXBuildFile; fileRef = 61B443231E32801500E3EE94 /* UserProfileViewBadgesCollectionViewController.swift */; };
		61B443261E32802500E3EE94 /* UserProfileViewOwnPhotosCollectionViewController.swift in Sources */ = {isa = PBXBuildFile; fileRef = 61B443251E32802500E3EE94 /* UserProfileViewOwnPhotosCollectionViewController.swift */; };
		61B443281E32802F00E3EE94 /* UserProfileViewLikedPhotosCollectionViewController.swift in Sources */ = {isa = PBXBuildFile; fileRef = 61B443271E32802F00E3EE94 /* UserProfileViewLikedPhotosCollectionViewController.swift */; };
		61C130C11E289901006E4191 /* UserSocialDM.swift in Sources */ = {isa = PBXBuildFile; fileRef = 61C130BC1E289901006E4191 /* UserSocialDM.swift */; };
		61C130C51E289901006E4191 /* UserSocialMasterForProfileViewController.swift in Sources */ = {isa = PBXBuildFile; fileRef = 61C130C01E289901006E4191 /* UserSocialMasterForProfileViewController.swift */; };
		61CCEC7F1E2BDA36008B36A9 /* UserSocialGalleryCollectionViewCell.swift in Sources */ = {isa = PBXBuildFile; fileRef = 61CCEC7E1E2BDA36008B36A9 /* UserSocialGalleryCollectionViewCell.swift */; };
		61CCEC9E1E2BF387008B36A9 /* UserSocialMainGridCollectionViewController.swift in Sources */ = {isa = PBXBuildFile; fileRef = 61CCEC9D1E2BF387008B36A9 /* UserSocialMainGridCollectionViewController.swift */; };
		811BDA4F1DE8300E00D2D448 /* FirebaseAnalytics.framework in Frameworks */ = {isa = PBXBuildFile; fileRef = 811BDA491DE8300E00D2D448 /* FirebaseAnalytics.framework */; };
		811BDA501DE8300E00D2D448 /* FirebaseInstanceID.framework in Frameworks */ = {isa = PBXBuildFile; fileRef = 811BDA4A1DE8300E00D2D448 /* FirebaseInstanceID.framework */; };
		811BDA511DE8300E00D2D448 /* GoogleInterchangeUtilities.framework in Frameworks */ = {isa = PBXBuildFile; fileRef = 811BDA4B1DE8300E00D2D448 /* GoogleInterchangeUtilities.framework */; };
		811BDA521DE8300E00D2D448 /* GoogleSymbolUtilities.framework in Frameworks */ = {isa = PBXBuildFile; fileRef = 811BDA4C1DE8300E00D2D448 /* GoogleSymbolUtilities.framework */; };
		811BDA531DE8300E00D2D448 /* GoogleUtilities.framework in Frameworks */ = {isa = PBXBuildFile; fileRef = 811BDA4D1DE8300E00D2D448 /* GoogleUtilities.framework */; };
		811BDA541DE8300E00D2D448 /* FirebaseDatabase.framework in Frameworks */ = {isa = PBXBuildFile; fileRef = 811BDA4E1DE8300E00D2D448 /* FirebaseDatabase.framework */; };
		811BDA561DE8309700D2D448 /* GoogleService-Info.plist in Resources */ = {isa = PBXBuildFile; fileRef = 811BDA551DE8309700D2D448 /* GoogleService-Info.plist */; };
		811DA5581DEFF34100817B71 /* LoginDM.swift in Sources */ = {isa = PBXBuildFile; fileRef = 811DA5571DEFF34100817B71 /* LoginDM.swift */; };
		8166BC431DF67E5700FAA37C /* AdminEventDM.swift in Sources */ = {isa = PBXBuildFile; fileRef = 8166BC421DF67E5700FAA37C /* AdminEventDM.swift */; };
		8166BC451DF67FB900FAA37C /* Event.swift in Sources */ = {isa = PBXBuildFile; fileRef = 8166BC441DF67FB900FAA37C /* Event.swift */; };
		8166BC471DF6839000FAA37C /* Badge.swift in Sources */ = {isa = PBXBuildFile; fileRef = 8166BC461DF6839000FAA37C /* Badge.swift */; };
		8166BC491DF6840600FAA37C /* EventAttendance.swift in Sources */ = {isa = PBXBuildFile; fileRef = 8166BC481DF6840600FAA37C /* EventAttendance.swift */; };
		8166BC4B1DF6847100FAA37C /* EventFeedback.swift in Sources */ = {isa = PBXBuildFile; fileRef = 8166BC4A1DF6847100FAA37C /* EventFeedback.swift */; };
		8166BC4F1DF685AD00FAA37C /* Leaderboard.swift in Sources */ = {isa = PBXBuildFile; fileRef = 8166BC4E1DF685AD00FAA37C /* Leaderboard.swift */; };
		8166BC511DF6862100FAA37C /* Social.swift in Sources */ = {isa = PBXBuildFile; fileRef = 8166BC501DF6862100FAA37C /* Social.swift */; };
		8166BC551DF6891000FAA37C /* PhotoLike.swift in Sources */ = {isa = PBXBuildFile; fileRef = 8166BC541DF6891000FAA37C /* PhotoLike.swift */; };
		8166BC571DF6896000FAA37C /* PhotoComment.swift in Sources */ = {isa = PBXBuildFile; fileRef = 8166BC561DF6896000FAA37C /* PhotoComment.swift */; };
		816A87BA1DF1467300232C08 /* BridgingHeader.m in Sources */ = {isa = PBXBuildFile; fileRef = 816A87B91DF1467300232C08 /* BridgingHeader.m */; };
		816A87BC1DF1568700232C08 /* GlobalDM.swift in Sources */ = {isa = PBXBuildFile; fileRef = 816A87BB1DF1568700232C08 /* GlobalDM.swift */; };
		816A87BE1DF16FAE00232C08 /* AdminHomeViewController.swift in Sources */ = {isa = PBXBuildFile; fileRef = 816A87BD1DF16FAE00232C08 /* AdminHomeViewController.swift */; };
		81740FF81E2C864E0047B985 /* EventsInAttendance.swift in Sources */ = {isa = PBXBuildFile; fileRef = 81740FF71E2C864E0047B985 /* EventsInAttendance.swift */; };
		8175B12B1DEFDE8100FCB205 /* User.swift in Sources */ = {isa = PBXBuildFile; fileRef = 8175B12A1DEFDE8100FCB205 /* User.swift */; };
		8175B12F1DEFE18000FCB205 /* Student.swift in Sources */ = {isa = PBXBuildFile; fileRef = 8175B12E1DEFE18000FCB205 /* Student.swift */; };
		81FADAA11DE43912007D27C8 /* AppDelegate.swift in Sources */ = {isa = PBXBuildFile; fileRef = 81FADAA01DE43912007D27C8 /* AppDelegate.swift */; };
		81FADAA61DE43912007D27C8 /* Login.storyboard in Resources */ = {isa = PBXBuildFile; fileRef = 81FADAA41DE43912007D27C8 /* Login.storyboard */; };
		81FADAB61DE43912007D27C8 /* NYP25Tests.swift in Sources */ = {isa = PBXBuildFile; fileRef = 81FADAB51DE43912007D27C8 /* NYP25Tests.swift */; };
		81FADAC11DE43912007D27C8 /* NYP25UITests.swift in Sources */ = {isa = PBXBuildFile; fileRef = 81FADAC01DE43912007D27C8 /* NYP25UITests.swift */; };
		81FADADE1DE439C7007D27C8 /* libicucore.tbd in Frameworks */ = {isa = PBXBuildFile; fileRef = 81FADADD1DE439C7007D27C8 /* libicucore.tbd */; };
		81FADAE01DE439F3007D27C8 /* AddressBook.framework in Frameworks */ = {isa = PBXBuildFile; fileRef = 81FADADF1DE439F3007D27C8 /* AddressBook.framework */; };
		81FADAE21DE43A04007D27C8 /* libc++.tbd in Frameworks */ = {isa = PBXBuildFile; fileRef = 81FADAE11DE43A04007D27C8 /* libc++.tbd */; };
		81FADAE41DE43A0F007D27C8 /* libsqlite3.tbd in Frameworks */ = {isa = PBXBuildFile; fileRef = 81FADAE31DE43A0E007D27C8 /* libsqlite3.tbd */; };
		81FADAF31DE443F1007D27C8 /* Launch Screen.storyboard in Resources */ = {isa = PBXBuildFile; fileRef = 81FADAF21DE443F1007D27C8 /* Launch Screen.storyboard */; };
		81FADAFF1DE4453E007D27C8 /* AdminMain.storyboard in Resources */ = {isa = PBXBuildFile; fileRef = 81FADAFE1DE4453E007D27C8 /* AdminMain.storyboard */; };
		81FADB0F1DE44AD3007D27C8 /* LoginViewController.swift in Sources */ = {isa = PBXBuildFile; fileRef = 81FADB0E1DE44AD3007D27C8 /* LoginViewController.swift */; };
		9FFC15051E350A4200037BD2 /* RegisterDM.swift in Sources */ = {isa = PBXBuildFile; fileRef = 9FFC15041E350A4200037BD2 /* RegisterDM.swift */; };
		AF45108B1E35CCAD00789FD0 /* UserLeaderboardViewController.swift in Sources */ = {isa = PBXBuildFile; fileRef = AF45108A1E35CCAD00789FD0 /* UserLeaderboardViewController.swift */; };
/* End PBXBuildFile section */

/* Begin PBXContainerItemProxy section */
		61296A9E1E16B706007CA079 /* PBXContainerItemProxy */ = {
			isa = PBXContainerItemProxy;
			containerPortal = 61985AF41E16A65600D7AB37 /* Charts.xcodeproj */;
			proxyType = 1;
			remoteGlobalIDString = 06165F231D8110E600722320;
			remoteInfo = Charts;
		};
		61985AFA1E16A65700D7AB37 /* PBXContainerItemProxy */ = {
			isa = PBXContainerItemProxy;
			containerPortal = 61985AF41E16A65600D7AB37 /* Charts.xcodeproj */;
			proxyType = 2;
			remoteGlobalIDString = 06165F241D8110E600722320;
			remoteInfo = Charts;
		};
		61985AFC1E16A65700D7AB37 /* PBXContainerItemProxy */ = {
			isa = PBXContainerItemProxy;
			containerPortal = 61985AF41E16A65600D7AB37 /* Charts.xcodeproj */;
			proxyType = 2;
			remoteGlobalIDString = 06B120D51D811E6200D14B02;
			remoteInfo = ChartsRealm;
		};
		61985AFE1E16A65700D7AB37 /* PBXContainerItemProxy */ = {
			isa = PBXContainerItemProxy;
			containerPortal = 61985AF41E16A65600D7AB37 /* Charts.xcodeproj */;
			proxyType = 2;
			remoteGlobalIDString = 06165F2E1D8110E600722320;
			remoteInfo = ChartsTests;
		};
		81FADAB21DE43912007D27C8 /* PBXContainerItemProxy */ = {
			isa = PBXContainerItemProxy;
			containerPortal = 81FADA951DE43912007D27C8 /* Project object */;
			proxyType = 1;
			remoteGlobalIDString = 81FADA9C1DE43912007D27C8;
			remoteInfo = NYP25;
		};
		81FADABD1DE43912007D27C8 /* PBXContainerItemProxy */ = {
			isa = PBXContainerItemProxy;
			containerPortal = 81FADA951DE43912007D27C8 /* Project object */;
			proxyType = 1;
			remoteGlobalIDString = 81FADA9C1DE43912007D27C8;
			remoteInfo = NYP25;
		};
/* End PBXContainerItemProxy section */

/* Begin PBXCopyFilesBuildPhase section */
		04AEEFF61E1698D6005E13A8 /* Embed Frameworks */ = {
			isa = PBXCopyFilesBuildPhase;
			buildActionMask = 2147483647;
			dstPath = "";
			dstSubfolderSpec = 10;
			files = (
				61296A9D1E16B706007CA079 /* Charts.framework in Embed Frameworks */,
			);
			name = "Embed Frameworks";
			runOnlyForDeploymentPostprocessing = 0;
		};
/* End PBXCopyFilesBuildPhase section */

/* Begin PBXFileReference section */
		046C5C231E12449B001B7C61 /* FirebaseStorage.framework */ = {isa = PBXFileReference; lastKnownFileType = wrapper.framework; path = FirebaseStorage.framework; sourceTree = "<group>"; };
		046C5C241E12449B001B7C61 /* GoogleNetworkingUtilities.framework */ = {isa = PBXFileReference; lastKnownFileType = wrapper.framework; path = GoogleNetworkingUtilities.framework; sourceTree = "<group>"; };
		046C5C291E129F2B001B7C61 /* AdminProfileViewController.swift */ = {isa = PBXFileReference; fileEncoding = 4; lastKnownFileType = sourcecode.swift; path = AdminProfileViewController.swift; sourceTree = "<group>"; };
		046D01311E37A9E3004D1A25 /* AdminEventsGalleryCommentsViewController.swift */ = {isa = PBXFileReference; fileEncoding = 4; lastKnownFileType = sourcecode.swift; path = AdminEventsGalleryCommentsViewController.swift; sourceTree = "<group>"; };
		04A4ACA71E15718000884164 /* AdminEventReviewTableViewCell.swift */ = {isa = PBXFileReference; fileEncoding = 4; lastKnownFileType = sourcecode.swift; path = AdminEventReviewTableViewCell.swift; sourceTree = "<group>"; };
		04D725441E0D5C8200603CCA /* AdminEventsNewViewController.swift */ = {isa = PBXFileReference; fileEncoding = 4; lastKnownFileType = sourcecode.swift; path = AdminEventsNewViewController.swift; sourceTree = "<group>"; };
		04D725461E0D5CD200603CCA /* AdminEventsDetailViewController.swift */ = {isa = PBXFileReference; fileEncoding = 4; lastKnownFileType = sourcecode.swift; path = AdminEventsDetailViewController.swift; sourceTree = "<group>"; };
		04E6489A1E1537BE00651FA5 /* AdminEventGalleryCollectionViewCell.swift */ = {isa = PBXFileReference; fileEncoding = 4; lastKnownFileType = sourcecode.swift; path = AdminEventGalleryCollectionViewCell.swift; sourceTree = "<group>"; };
		04E864D51E33A5CA00FD07D6 /* AdminEventsViewMasterViewController.swift */ = {isa = PBXFileReference; fileEncoding = 4; lastKnownFileType = sourcecode.swift; path = AdminEventsViewMasterViewController.swift; sourceTree = "<group>"; };
		04E93EF51E36141F0044820D /* SignupViewController.swift */ = {isa = PBXFileReference; fileEncoding = 4; lastKnownFileType = sourcecode.swift; path = SignupViewController.swift; sourceTree = "<group>"; };
		04E93EF91E363F0A0044820D /* AdminEventsGalleryDetailsViewController.swift */ = {isa = PBXFileReference; fileEncoding = 4; lastKnownFileType = sourcecode.swift; path = AdminEventsGalleryDetailsViewController.swift; sourceTree = "<group>"; };
		04EA47341E13DACB006797D9 /* AdminEventsMasterDetailViewController.swift */ = {isa = PBXFileReference; fileEncoding = 4; lastKnownFileType = sourcecode.swift; path = AdminEventsMasterDetailViewController.swift; sourceTree = "<group>"; };
		04EA47361E13DB1F006797D9 /* AdminEventsGalleryViewController.swift */ = {isa = PBXFileReference; fileEncoding = 4; lastKnownFileType = sourcecode.swift; path = AdminEventsGalleryViewController.swift; sourceTree = "<group>"; };
		04EA47381E1401E3006797D9 /* AdminEventsReviewViewController.swift */ = {isa = PBXFileReference; fileEncoding = 4; lastKnownFileType = sourcecode.swift; path = AdminEventsReviewViewController.swift; sourceTree = "<group>"; };
		04ECCCCE1E30B38700BEB70C /* AdminStatisticsMoreTableViewController.swift */ = {isa = PBXFileReference; fileEncoding = 4; lastKnownFileType = sourcecode.swift; path = AdminStatisticsMoreTableViewController.swift; sourceTree = "<group>"; };
		04ECCCD01E30B3FA00BEB70C /* AdminStatisticsMoreTableViewCell.swift */ = {isa = PBXFileReference; fileEncoding = 4; lastKnownFileType = sourcecode.swift; path = AdminStatisticsMoreTableViewCell.swift; sourceTree = "<group>"; };
		04ED18381E17FD93009CA0CD /* AdminStatisticsMasterViewController.swift */ = {isa = PBXFileReference; fileEncoding = 4; lastKnownFileType = sourcecode.swift; path = AdminStatisticsMasterViewController.swift; sourceTree = "<group>"; };
		04ED183A1E17FDE5009CA0CD /* AdminStatisticsOneViewController.swift */ = {isa = PBXFileReference; fileEncoding = 4; lastKnownFileType = sourcecode.swift; path = AdminStatisticsOneViewController.swift; sourceTree = "<group>"; };
		04ED183C1E17FEA0009CA0CD /* AdminStatisticsTwoViewController.swift */ = {isa = PBXFileReference; fileEncoding = 4; lastKnownFileType = sourcecode.swift; path = AdminStatisticsTwoViewController.swift; sourceTree = "<group>"; };
		04EF86881E10DAE600842FC4 /* CoreLocation.framework */ = {isa = PBXFileReference; lastKnownFileType = wrapper.framework; name = CoreLocation.framework; path = System/Library/Frameworks/CoreLocation.framework; sourceTree = SDKROOT; };
		04EF868A1E10DAF800842FC4 /* MapKit.framework */ = {isa = PBXFileReference; lastKnownFileType = wrapper.framework; name = MapKit.framework; path = System/Library/Frameworks/MapKit.framework; sourceTree = SDKROOT; };
		04EF868E1E10DE5300842FC4 /* AdminEventsLocationSearchTableViewController.swift */ = {isa = PBXFileReference; fileEncoding = 4; lastKnownFileType = sourcecode.swift; path = AdminEventsLocationSearchTableViewController.swift; sourceTree = "<group>"; };
		04EF86901E10E01400842FC4 /* AdminEventsMapViewController.swift */ = {isa = PBXFileReference; fileEncoding = 4; lastKnownFileType = sourcecode.swift; path = AdminEventsMapViewController.swift; sourceTree = "<group>"; };
		04F2694C1E0D3ACA00361510 /* AdminEventTableViewCell.swift */ = {isa = PBXFileReference; fileEncoding = 4; lastKnownFileType = sourcecode.swift; path = AdminEventTableViewCell.swift; sourceTree = "<group>"; };
		27B88D7B1DF2B9B80045C98B /* UserMain.storyboard */ = {isa = PBXFileReference; fileEncoding = 4; lastKnownFileType = file.storyboard; path = UserMain.storyboard; sourceTree = "<group>"; };
		27B88D7D1DF2B9CD0045C98B /* UserProfile.storyboard */ = {isa = PBXFileReference; fileEncoding = 4; lastKnownFileType = file.storyboard; path = UserProfile.storyboard; sourceTree = "<group>"; };
		27B88D7F1DF2B9DD0045C98B /* UserInbox.storyboard */ = {isa = PBXFileReference; fileEncoding = 4; lastKnownFileType = file.storyboard; path = UserInbox.storyboard; sourceTree = "<group>"; };
		27B88D811DF2B9ED0045C98B /* UserLeaderboard.storyboard */ = {isa = PBXFileReference; fileEncoding = 4; lastKnownFileType = file.storyboard; path = UserLeaderboard.storyboard; sourceTree = "<group>"; };
		27B88D831DF2B9F80045C98B /* UserEvents.storyboard */ = {isa = PBXFileReference; fileEncoding = 4; lastKnownFileType = file.storyboard; path = UserEvents.storyboard; sourceTree = "<group>"; };
		27B88D851DF2BA040045C98B /* UserSocial.storyboard */ = {isa = PBXFileReference; fileEncoding = 4; lastKnownFileType = file.storyboard; path = UserSocial.storyboard; sourceTree = "<group>"; };
		61075E371E351B7900E25AB3 /* UserSocialMainEventAlbumsCollectionViewCell.swift */ = {isa = PBXFileReference; fileEncoding = 4; lastKnownFileType = sourcecode.swift; path = UserSocialMainEventAlbumsCollectionViewCell.swift; sourceTree = "<group>"; };
		61075E391E351C4C00E25AB3 /* UserSocialMainEventAlbumsCollectionViewController.swift */ = {isa = PBXFileReference; fileEncoding = 4; lastKnownFileType = sourcecode.swift; path = UserSocialMainEventAlbumsCollectionViewController.swift; sourceTree = "<group>"; };
		61075E3D1E3530D900E25AB3 /* UserSocialMainEventAlbumDetailViewController.swift */ = {isa = PBXFileReference; fileEncoding = 4; lastKnownFileType = sourcecode.swift; path = UserSocialMainEventAlbumDetailViewController.swift; sourceTree = "<group>"; };
		611C501A1E16CC140044E359 /* UserSocialMasterForMainViewController.swift */ = {isa = PBXFileReference; fileEncoding = 4; lastKnownFileType = sourcecode.swift; path = UserSocialMasterForMainViewController.swift; sourceTree = "<group>"; };
		612647041E2E3955008DC73A /* UserSocialUploadImageViewController.swift */ = {isa = PBXFileReference; fileEncoding = 4; lastKnownFileType = sourcecode.swift; path = UserSocialUploadImageViewController.swift; sourceTree = "<group>"; };
		612647091E2E64DA008DC73A /* UserSocialMainListTableViewController.swift */ = {isa = PBXFileReference; fileEncoding = 4; lastKnownFileType = sourcecode.swift; path = UserSocialMainListTableViewController.swift; sourceTree = "<group>"; };
		6126470D1E2E64E7008DC73A /* UserSocialMainListTableViewCell.swift */ = {isa = PBXFileReference; fileEncoding = 4; lastKnownFileType = sourcecode.swift; path = UserSocialMainListTableViewCell.swift; sourceTree = "<group>"; };
		6126470F1E2E86D6008DC73A /* UserSocialProfileOwnCollectionViewCell.swift */ = {isa = PBXFileReference; fileEncoding = 4; lastKnownFileType = sourcecode.swift; path = UserSocialProfileOwnCollectionViewCell.swift; sourceTree = "<group>"; };
		612647111E2E86F2008DC73A /* UserSocialProfileLikedCollectionViewCell.swift */ = {isa = PBXFileReference; fileEncoding = 4; lastKnownFileType = sourcecode.swift; path = UserSocialProfileLikedCollectionViewCell.swift; sourceTree = "<group>"; };
		612647151E2E8771008DC73A /* UserSocialProfileLikedCollectionViewController.swift */ = {isa = PBXFileReference; fileEncoding = 4; lastKnownFileType = sourcecode.swift; path = UserSocialProfileLikedCollectionViewController.swift; sourceTree = "<group>"; };
		612647171E2E877D008DC73A /* UserSocialProfileOwnCollectionViewController.swift */ = {isa = PBXFileReference; fileEncoding = 4; lastKnownFileType = sourcecode.swift; path = UserSocialProfileOwnCollectionViewController.swift; sourceTree = "<group>"; };
		61914E3C1E379A6400FF03F3 /* Assets.xcassets */ = {isa = PBXFileReference; lastKnownFileType = folder.assetcatalog; path = Assets.xcassets; sourceTree = "<group>"; };
		61985AF41E16A65600D7AB37 /* Charts.xcodeproj */ = {isa = PBXFileReference; lastKnownFileType = "wrapper.pb-project"; path = Charts.xcodeproj; sourceTree = "<group>"; };
		61ABEC481E2B392500786152 /* UserSocialSelectImageViewController.swift */ = {isa = PBXFileReference; fileEncoding = 4; lastKnownFileType = sourcecode.swift; path = UserSocialSelectImageViewController.swift; sourceTree = "<group>"; };
		61B149F81E2F14CF00605BCB /* UserSocialMainAlbumCollectionViewController.swift */ = {isa = PBXFileReference; fileEncoding = 4; lastKnownFileType = sourcecode.swift; path = UserSocialMainAlbumCollectionViewController.swift; sourceTree = "<group>"; };
		61B149FC1E2F14DC00605BCB /* UserSocialMainAlbumCollectionViewCell.swift */ = {isa = PBXFileReference; fileEncoding = 4; lastKnownFileType = sourcecode.swift; path = UserSocialMainAlbumCollectionViewCell.swift; sourceTree = "<group>"; };
		61B149FE1E2F14EB00605BCB /* UserSocialMainAlbumTableViewController.swift */ = {isa = PBXFileReference; fileEncoding = 4; lastKnownFileType = sourcecode.swift; path = UserSocialMainAlbumTableViewController.swift; sourceTree = "<group>"; };
		61B14A001E2F14F800605BCB /* UserSocialMainAlbumTableViewCell.swift */ = {isa = PBXFileReference; fileEncoding = 4; lastKnownFileType = sourcecode.swift; path = UserSocialMainAlbumTableViewCell.swift; sourceTree = "<group>"; };
		61B25FFA1E37E13B0090A70D /* UserProfileEditPasswordViewController.swift */ = {isa = PBXFileReference; fileEncoding = 4; lastKnownFileType = sourcecode.swift; path = UserProfileEditPasswordViewController.swift; sourceTree = "<group>"; };
		61B443191E32435A00E3EE94 /* UserProfileViewController.swift */ = {isa = PBXFileReference; fileEncoding = 4; lastKnownFileType = sourcecode.swift; path = UserProfileViewController.swift; sourceTree = "<group>"; };
		61B4431B1E32437F00E3EE94 /* UserProfileDM.swift */ = {isa = PBXFileReference; fileEncoding = 4; lastKnownFileType = sourcecode.swift; path = UserProfileDM.swift; sourceTree = "<group>"; };
		61B4431D1E327FE300E3EE94 /* UserProfileViewBadgesCollectionViewCell.swift */ = {isa = PBXFileReference; fileEncoding = 4; lastKnownFileType = sourcecode.swift; path = UserProfileViewBadgesCollectionViewCell.swift; sourceTree = "<group>"; };
		61B4431F1E327FF400E3EE94 /* UserProfileViewOwnPhotosCollectionViewCell.swift */ = {isa = PBXFileReference; fileEncoding = 4; lastKnownFileType = sourcecode.swift; path = UserProfileViewOwnPhotosCollectionViewCell.swift; sourceTree = "<group>"; };
		61B443211E327FFF00E3EE94 /* UserProfileViewLikedPhotosCollectionViewCell.swift */ = {isa = PBXFileReference; fileEncoding = 4; lastKnownFileType = sourcecode.swift; path = UserProfileViewLikedPhotosCollectionViewCell.swift; sourceTree = "<group>"; };
		61B443231E32801500E3EE94 /* UserProfileViewBadgesCollectionViewController.swift */ = {isa = PBXFileReference; fileEncoding = 4; lastKnownFileType = sourcecode.swift; path = UserProfileViewBadgesCollectionViewController.swift; sourceTree = "<group>"; };
		61B443251E32802500E3EE94 /* UserProfileViewOwnPhotosCollectionViewController.swift */ = {isa = PBXFileReference; fileEncoding = 4; lastKnownFileType = sourcecode.swift; path = UserProfileViewOwnPhotosCollectionViewController.swift; sourceTree = "<group>"; };
		61B443271E32802F00E3EE94 /* UserProfileViewLikedPhotosCollectionViewController.swift */ = {isa = PBXFileReference; fileEncoding = 4; lastKnownFileType = sourcecode.swift; lineEnding = 0; path = UserProfileViewLikedPhotosCollectionViewController.swift; sourceTree = "<group>"; xcLanguageSpecificationIdentifier = xcode.lang.swift; };
		61C130BC1E289901006E4191 /* UserSocialDM.swift */ = {isa = PBXFileReference; fileEncoding = 4; lastKnownFileType = sourcecode.swift; lineEnding = 0; path = UserSocialDM.swift; sourceTree = "<group>"; xcLanguageSpecificationIdentifier = xcode.lang.swift; };
		61C130C01E289901006E4191 /* UserSocialMasterForProfileViewController.swift */ = {isa = PBXFileReference; fileEncoding = 4; lastKnownFileType = sourcecode.swift; path = UserSocialMasterForProfileViewController.swift; sourceTree = "<group>"; };
		61CCEC7E1E2BDA36008B36A9 /* UserSocialGalleryCollectionViewCell.swift */ = {isa = PBXFileReference; fileEncoding = 4; lastKnownFileType = sourcecode.swift; path = UserSocialGalleryCollectionViewCell.swift; sourceTree = "<group>"; };
		61CCEC9D1E2BF387008B36A9 /* UserSocialMainGridCollectionViewController.swift */ = {isa = PBXFileReference; fileEncoding = 4; lastKnownFileType = sourcecode.swift; path = UserSocialMainGridCollectionViewController.swift; sourceTree = "<group>"; };
		811BDA471DE82FF800D2D448 /* Firebase.h */ = {isa = PBXFileReference; fileEncoding = 4; lastKnownFileType = sourcecode.c.h; path = Firebase.h; sourceTree = "<group>"; };
		811BDA481DE82FF800D2D448 /* module.modulemap */ = {isa = PBXFileReference; fileEncoding = 4; lastKnownFileType = "sourcecode.module-map"; path = module.modulemap; sourceTree = "<group>"; };
		811BDA491DE8300E00D2D448 /* FirebaseAnalytics.framework */ = {isa = PBXFileReference; lastKnownFileType = wrapper.framework; path = FirebaseAnalytics.framework; sourceTree = "<group>"; };
		811BDA4A1DE8300E00D2D448 /* FirebaseInstanceID.framework */ = {isa = PBXFileReference; lastKnownFileType = wrapper.framework; path = FirebaseInstanceID.framework; sourceTree = "<group>"; };
		811BDA4B1DE8300E00D2D448 /* GoogleInterchangeUtilities.framework */ = {isa = PBXFileReference; lastKnownFileType = wrapper.framework; path = GoogleInterchangeUtilities.framework; sourceTree = "<group>"; };
		811BDA4C1DE8300E00D2D448 /* GoogleSymbolUtilities.framework */ = {isa = PBXFileReference; lastKnownFileType = wrapper.framework; path = GoogleSymbolUtilities.framework; sourceTree = "<group>"; };
		811BDA4D1DE8300E00D2D448 /* GoogleUtilities.framework */ = {isa = PBXFileReference; lastKnownFileType = wrapper.framework; path = GoogleUtilities.framework; sourceTree = "<group>"; };
		811BDA4E1DE8300E00D2D448 /* FirebaseDatabase.framework */ = {isa = PBXFileReference; lastKnownFileType = wrapper.framework; path = FirebaseDatabase.framework; sourceTree = "<group>"; };
		811BDA551DE8309700D2D448 /* GoogleService-Info.plist */ = {isa = PBXFileReference; fileEncoding = 4; lastKnownFileType = text.plist.xml; path = "GoogleService-Info.plist"; sourceTree = "<group>"; };
		811DA5571DEFF34100817B71 /* LoginDM.swift */ = {isa = PBXFileReference; fileEncoding = 4; lastKnownFileType = sourcecode.swift; path = LoginDM.swift; sourceTree = "<group>"; };
		8166BC421DF67E5700FAA37C /* AdminEventDM.swift */ = {isa = PBXFileReference; fileEncoding = 4; lastKnownFileType = sourcecode.swift; path = AdminEventDM.swift; sourceTree = "<group>"; };
		8166BC441DF67FB900FAA37C /* Event.swift */ = {isa = PBXFileReference; fileEncoding = 4; lastKnownFileType = sourcecode.swift; path = Event.swift; sourceTree = "<group>"; };
		8166BC461DF6839000FAA37C /* Badge.swift */ = {isa = PBXFileReference; fileEncoding = 4; lastKnownFileType = sourcecode.swift; path = Badge.swift; sourceTree = "<group>"; };
		8166BC481DF6840600FAA37C /* EventAttendance.swift */ = {isa = PBXFileReference; fileEncoding = 4; lastKnownFileType = sourcecode.swift; path = EventAttendance.swift; sourceTree = "<group>"; };
		8166BC4A1DF6847100FAA37C /* EventFeedback.swift */ = {isa = PBXFileReference; fileEncoding = 4; lastKnownFileType = sourcecode.swift; path = EventFeedback.swift; sourceTree = "<group>"; };
		8166BC4E1DF685AD00FAA37C /* Leaderboard.swift */ = {isa = PBXFileReference; fileEncoding = 4; lastKnownFileType = sourcecode.swift; path = Leaderboard.swift; sourceTree = "<group>"; };
		8166BC501DF6862100FAA37C /* Social.swift */ = {isa = PBXFileReference; fileEncoding = 4; lastKnownFileType = sourcecode.swift; path = Social.swift; sourceTree = "<group>"; };
		8166BC541DF6891000FAA37C /* PhotoLike.swift */ = {isa = PBXFileReference; fileEncoding = 4; lastKnownFileType = sourcecode.swift; path = PhotoLike.swift; sourceTree = "<group>"; };
		8166BC561DF6896000FAA37C /* PhotoComment.swift */ = {isa = PBXFileReference; fileEncoding = 4; lastKnownFileType = sourcecode.swift; path = PhotoComment.swift; sourceTree = "<group>"; };
		816A87B71DF1467200232C08 /* NYP25-Bridging-Header.h */ = {isa = PBXFileReference; lastKnownFileType = sourcecode.c.h; path = "NYP25-Bridging-Header.h"; sourceTree = "<group>"; };
		816A87B81DF1467300232C08 /* BridgingHeader.h */ = {isa = PBXFileReference; fileEncoding = 4; lastKnownFileType = sourcecode.c.h; path = BridgingHeader.h; sourceTree = "<group>"; };
		816A87B91DF1467300232C08 /* BridgingHeader.m */ = {isa = PBXFileReference; fileEncoding = 4; lastKnownFileType = sourcecode.c.objc; path = BridgingHeader.m; sourceTree = "<group>"; };
		816A87BB1DF1568700232C08 /* GlobalDM.swift */ = {isa = PBXFileReference; fileEncoding = 4; lastKnownFileType = sourcecode.swift; path = GlobalDM.swift; sourceTree = "<group>"; };
		816A87BD1DF16FAE00232C08 /* AdminHomeViewController.swift */ = {isa = PBXFileReference; fileEncoding = 4; lastKnownFileType = sourcecode.swift; path = AdminHomeViewController.swift; sourceTree = "<group>"; };
		81740FF71E2C864E0047B985 /* EventsInAttendance.swift */ = {isa = PBXFileReference; fileEncoding = 4; lastKnownFileType = sourcecode.swift; path = EventsInAttendance.swift; sourceTree = "<group>"; };
		8175B12A1DEFDE8100FCB205 /* User.swift */ = {isa = PBXFileReference; fileEncoding = 4; lastKnownFileType = sourcecode.swift; path = User.swift; sourceTree = "<group>"; };
		8175B12E1DEFE18000FCB205 /* Student.swift */ = {isa = PBXFileReference; fileEncoding = 4; lastKnownFileType = sourcecode.swift; path = Student.swift; sourceTree = "<group>"; };
		81FADA9D1DE43912007D27C8 /* NYP25.app */ = {isa = PBXFileReference; explicitFileType = wrapper.application; includeInIndex = 0; path = NYP25.app; sourceTree = BUILT_PRODUCTS_DIR; };
		81FADAA01DE43912007D27C8 /* AppDelegate.swift */ = {isa = PBXFileReference; lastKnownFileType = sourcecode.swift; path = AppDelegate.swift; sourceTree = "<group>"; };
		81FADAA51DE43912007D27C8 /* Base */ = {isa = PBXFileReference; lastKnownFileType = file.storyboard; name = Base; path = Base.lproj/Login.storyboard; sourceTree = "<group>"; };
		81FADAAC1DE43912007D27C8 /* Info.plist */ = {isa = PBXFileReference; lastKnownFileType = text.plist.xml; path = Info.plist; sourceTree = "<group>"; };
		81FADAB11DE43912007D27C8 /* NYP25Tests.xctest */ = {isa = PBXFileReference; explicitFileType = wrapper.cfbundle; includeInIndex = 0; path = NYP25Tests.xctest; sourceTree = BUILT_PRODUCTS_DIR; };
		81FADAB51DE43912007D27C8 /* NYP25Tests.swift */ = {isa = PBXFileReference; lastKnownFileType = sourcecode.swift; path = NYP25Tests.swift; sourceTree = "<group>"; };
		81FADAB71DE43912007D27C8 /* Info.plist */ = {isa = PBXFileReference; lastKnownFileType = text.plist.xml; path = Info.plist; sourceTree = "<group>"; };
		81FADABC1DE43912007D27C8 /* NYP25UITests.xctest */ = {isa = PBXFileReference; explicitFileType = wrapper.cfbundle; includeInIndex = 0; path = NYP25UITests.xctest; sourceTree = BUILT_PRODUCTS_DIR; };
		81FADAC01DE43912007D27C8 /* NYP25UITests.swift */ = {isa = PBXFileReference; lastKnownFileType = sourcecode.swift; path = NYP25UITests.swift; sourceTree = "<group>"; };
		81FADAC21DE43912007D27C8 /* Info.plist */ = {isa = PBXFileReference; lastKnownFileType = text.plist.xml; path = Info.plist; sourceTree = "<group>"; };
		81FADADD1DE439C7007D27C8 /* libicucore.tbd */ = {isa = PBXFileReference; lastKnownFileType = "sourcecode.text-based-dylib-definition"; name = libicucore.tbd; path = usr/lib/libicucore.tbd; sourceTree = SDKROOT; };
		81FADADF1DE439F3007D27C8 /* AddressBook.framework */ = {isa = PBXFileReference; lastKnownFileType = wrapper.framework; name = AddressBook.framework; path = System/Library/Frameworks/AddressBook.framework; sourceTree = SDKROOT; };
		81FADAE11DE43A04007D27C8 /* libc++.tbd */ = {isa = PBXFileReference; lastKnownFileType = "sourcecode.text-based-dylib-definition"; name = "libc++.tbd"; path = "usr/lib/libc++.tbd"; sourceTree = SDKROOT; };
		81FADAE31DE43A0E007D27C8 /* libsqlite3.tbd */ = {isa = PBXFileReference; lastKnownFileType = "sourcecode.text-based-dylib-definition"; name = libsqlite3.tbd; path = usr/lib/libsqlite3.tbd; sourceTree = SDKROOT; };
		81FADAF21DE443F1007D27C8 /* Launch Screen.storyboard */ = {isa = PBXFileReference; fileEncoding = 4; lastKnownFileType = file.storyboard; path = "Launch Screen.storyboard"; sourceTree = "<group>"; };
		81FADAFE1DE4453E007D27C8 /* AdminMain.storyboard */ = {isa = PBXFileReference; fileEncoding = 4; lastKnownFileType = file.storyboard; path = AdminMain.storyboard; sourceTree = "<group>"; };
		81FADB0E1DE44AD3007D27C8 /* LoginViewController.swift */ = {isa = PBXFileReference; fileEncoding = 4; lastKnownFileType = sourcecode.swift; path = LoginViewController.swift; sourceTree = "<group>"; };
		9FFC15041E350A4200037BD2 /* RegisterDM.swift */ = {isa = PBXFileReference; fileEncoding = 4; lastKnownFileType = sourcecode.swift; path = RegisterDM.swift; sourceTree = "<group>"; };
		AF45108A1E35CCAD00789FD0 /* UserLeaderboardViewController.swift */ = {isa = PBXFileReference; fileEncoding = 4; lastKnownFileType = sourcecode.swift; path = UserLeaderboardViewController.swift; sourceTree = "<group>"; };
/* End PBXFileReference section */

/* Begin PBXFrameworksBuildPhase section */
		81FADA9A1DE43912007D27C8 /* Frameworks */ = {
			isa = PBXFrameworksBuildPhase;
			buildActionMask = 2147483647;
			files = (
				04EF868B1E10DAF800842FC4 /* MapKit.framework in Frameworks */,
				04EF86891E10DAE600842FC4 /* CoreLocation.framework in Frameworks */,
				811BDA531DE8300E00D2D448 /* GoogleUtilities.framework in Frameworks */,
				811BDA511DE8300E00D2D448 /* GoogleInterchangeUtilities.framework in Frameworks */,
				81FADAE41DE43A0F007D27C8 /* libsqlite3.tbd in Frameworks */,
				811BDA521DE8300E00D2D448 /* GoogleSymbolUtilities.framework in Frameworks */,
				811BDA541DE8300E00D2D448 /* FirebaseDatabase.framework in Frameworks */,
				811BDA501DE8300E00D2D448 /* FirebaseInstanceID.framework in Frameworks */,
				046C5C261E12449B001B7C61 /* GoogleNetworkingUtilities.framework in Frameworks */,
				81FADAE21DE43A04007D27C8 /* libc++.tbd in Frameworks */,
				81FADAE01DE439F3007D27C8 /* AddressBook.framework in Frameworks */,
				81FADADE1DE439C7007D27C8 /* libicucore.tbd in Frameworks */,
				61296A9C1E16B706007CA079 /* Charts.framework in Frameworks */,
				811BDA4F1DE8300E00D2D448 /* FirebaseAnalytics.framework in Frameworks */,
				046C5C251E12449B001B7C61 /* FirebaseStorage.framework in Frameworks */,
			);
			runOnlyForDeploymentPostprocessing = 0;
		};
		81FADAAE1DE43912007D27C8 /* Frameworks */ = {
			isa = PBXFrameworksBuildPhase;
			buildActionMask = 2147483647;
			files = (
			);
			runOnlyForDeploymentPostprocessing = 0;
		};
		81FADAB91DE43912007D27C8 /* Frameworks */ = {
			isa = PBXFrameworksBuildPhase;
			buildActionMask = 2147483647;
			files = (
			);
			runOnlyForDeploymentPostprocessing = 0;
		};
/* End PBXFrameworksBuildPhase section */

/* Begin PBXGroup section */
		61985AF51E16A65600D7AB37 /* Products */ = {
			isa = PBXGroup;
			children = (
				61985AFB1E16A65700D7AB37 /* Charts.framework */,
				61985AFD1E16A65700D7AB37 /* ChartsRealm.framework */,
				61985AFF1E16A65700D7AB37 /* ChartsTests.xctest */,
			);
			name = Products;
			sourceTree = "<group>";
		};
		8175B1301DEFE50600FCB205 /* DataManager */ = {
			isa = PBXGroup;
			children = (
				811DA5571DEFF34100817B71 /* LoginDM.swift */,
				816A87BB1DF1568700232C08 /* GlobalDM.swift */,
				8166BC421DF67E5700FAA37C /* AdminEventDM.swift */,
				61C130BC1E289901006E4191 /* UserSocialDM.swift */,
				61B4431B1E32437F00E3EE94 /* UserProfileDM.swift */,
				9FFC15041E350A4200037BD2 /* RegisterDM.swift */,
			);
			name = DataManager;
			sourceTree = "<group>";
		};
		81FADA941DE43912007D27C8 = {
			isa = PBXGroup;
			children = (
				81FADA9F1DE43912007D27C8 /* NYP25 */,
				81FADAB41DE43912007D27C8 /* NYP25Tests */,
				81FADABF1DE43912007D27C8 /* NYP25UITests */,
				81FADA9E1DE43912007D27C8 /* Products */,
				81FADADC1DE439C7007D27C8 /* Frameworks */,
			);
			sourceTree = "<group>";
		};
		81FADA9E1DE43912007D27C8 /* Products */ = {
			isa = PBXGroup;
			children = (
				81FADA9D1DE43912007D27C8 /* NYP25.app */,
				81FADAB11DE43912007D27C8 /* NYP25Tests.xctest */,
				81FADABC1DE43912007D27C8 /* NYP25UITests.xctest */,
			);
			name = Products;
			sourceTree = "<group>";
		};
		81FADA9F1DE43912007D27C8 /* NYP25 */ = {
			isa = PBXGroup;
			children = (
				8175B1301DEFE50600FCB205 /* DataManager */,
				81FADAF11DE44205007D27C8 /* Application */,
				81FADAEC1DE4404B007D27C8 /* Controllers */,
				81FADAEF1DE44095007D27C8 /* Library */,
				81FADAEA1DE4403B007D27C8 /* Models */,
				81FADAEB1DE44043007D27C8 /* Views */,
				811BDA551DE8309700D2D448 /* GoogleService-Info.plist */,
				81FADAAC1DE43912007D27C8 /* Info.plist */,
				61914E3C1E379A6400FF03F3 /* Assets.xcassets */,
			);
			path = NYP25;
			sourceTree = "<group>";
		};
		81FADAB41DE43912007D27C8 /* NYP25Tests */ = {
			isa = PBXGroup;
			children = (
				81FADAB51DE43912007D27C8 /* NYP25Tests.swift */,
				81FADAB71DE43912007D27C8 /* Info.plist */,
			);
			path = NYP25Tests;
			sourceTree = "<group>";
		};
		81FADABF1DE43912007D27C8 /* NYP25UITests */ = {
			isa = PBXGroup;
			children = (
				81FADAC01DE43912007D27C8 /* NYP25UITests.swift */,
				81FADAC21DE43912007D27C8 /* Info.plist */,
			);
			path = NYP25UITests;
			sourceTree = "<group>";
		};
		81FADADC1DE439C7007D27C8 /* Frameworks */ = {
			isa = PBXGroup;
			children = (
				04EF868A1E10DAF800842FC4 /* MapKit.framework */,
				04EF86881E10DAE600842FC4 /* CoreLocation.framework */,
				81FADAE31DE43A0E007D27C8 /* libsqlite3.tbd */,
				81FADAE11DE43A04007D27C8 /* libc++.tbd */,
				81FADADF1DE439F3007D27C8 /* AddressBook.framework */,
				81FADADD1DE439C7007D27C8 /* libicucore.tbd */,
			);
			name = Frameworks;
			sourceTree = "<group>";
		};
		81FADAEA1DE4403B007D27C8 /* Models */ = {
			isa = PBXGroup;
			children = (
				8166BC461DF6839000FAA37C /* Badge.swift */,
				8166BC441DF67FB900FAA37C /* Event.swift */,
				8166BC481DF6840600FAA37C /* EventAttendance.swift */,
				8166BC4A1DF6847100FAA37C /* EventFeedback.swift */,
				81740FF71E2C864E0047B985 /* EventsInAttendance.swift */,
				8166BC4E1DF685AD00FAA37C /* Leaderboard.swift */,
				8166BC561DF6896000FAA37C /* PhotoComment.swift */,
				8166BC541DF6891000FAA37C /* PhotoLike.swift */,
				8166BC501DF6862100FAA37C /* Social.swift */,
				8175B12E1DEFE18000FCB205 /* Student.swift */,
				8175B12A1DEFDE8100FCB205 /* User.swift */,
			);
			name = Models;
			sourceTree = "<group>";
		};
		81FADAEB1DE44043007D27C8 /* Views */ = {
			isa = PBXGroup;
			children = (
				04E6489A1E1537BE00651FA5 /* AdminEventGalleryCollectionViewCell.swift */,
				04A4ACA71E15718000884164 /* AdminEventReviewTableViewCell.swift */,
				04F2694C1E0D3ACA00361510 /* AdminEventTableViewCell.swift */,
				04ECCCD01E30B3FA00BEB70C /* AdminStatisticsMoreTableViewCell.swift */,
				61B4431D1E327FE300E3EE94 /* UserProfileViewBadgesCollectionViewCell.swift */,
				61B443211E327FFF00E3EE94 /* UserProfileViewLikedPhotosCollectionViewCell.swift */,
				61B4431F1E327FF400E3EE94 /* UserProfileViewOwnPhotosCollectionViewCell.swift */,
				61CCEC7E1E2BDA36008B36A9 /* UserSocialGalleryCollectionViewCell.swift */,
				61B149FC1E2F14DC00605BCB /* UserSocialMainAlbumCollectionViewCell.swift */,
				61B14A001E2F14F800605BCB /* UserSocialMainAlbumTableViewCell.swift */,
				61075E371E351B7900E25AB3 /* UserSocialMainEventAlbumsCollectionViewCell.swift */,
				6126470D1E2E64E7008DC73A /* UserSocialMainListTableViewCell.swift */,
				612647111E2E86F2008DC73A /* UserSocialProfileLikedCollectionViewCell.swift */,
				6126470F1E2E86D6008DC73A /* UserSocialProfileOwnCollectionViewCell.swift */,
			);
			name = Views;
			sourceTree = "<group>";
		};
		81FADAEC1DE4404B007D27C8 /* Controllers */ = {
			isa = PBXGroup;
			children = (
				04D725461E0D5CD200603CCA /* AdminEventsDetailViewController.swift */,
				04EA47361E13DB1F006797D9 /* AdminEventsGalleryViewController.swift */,
				04E93EF91E363F0A0044820D /* AdminEventsGalleryDetailsViewController.swift */,
				046D01311E37A9E3004D1A25 /* AdminEventsGalleryCommentsViewController.swift */,
				04EF868E1E10DE5300842FC4 /* AdminEventsLocationSearchTableViewController.swift */,
				04EF86901E10E01400842FC4 /* AdminEventsMapViewController.swift */,
				04EA47341E13DACB006797D9 /* AdminEventsMasterDetailViewController.swift */,
				04D725441E0D5C8200603CCA /* AdminEventsNewViewController.swift */,
				04EA47381E1401E3006797D9 /* AdminEventsReviewViewController.swift */,
				04E864D51E33A5CA00FD07D6 /* AdminEventsViewMasterViewController.swift */,
				816A87BD1DF16FAE00232C08 /* AdminHomeViewController.swift */,
				046C5C291E129F2B001B7C61 /* AdminProfileViewController.swift */,
				04ED18381E17FD93009CA0CD /* AdminStatisticsMasterViewController.swift */,
				04ECCCCE1E30B38700BEB70C /* AdminStatisticsMoreTableViewController.swift */,
				04ED183A1E17FDE5009CA0CD /* AdminStatisticsOneViewController.swift */,
				04ED183C1E17FEA0009CA0CD /* AdminStatisticsTwoViewController.swift */,
				81FADB0E1DE44AD3007D27C8 /* LoginViewController.swift */,
				61B443231E32801500E3EE94 /* UserProfileViewBadgesCollectionViewController.swift */,
				61B443191E32435A00E3EE94 /* UserProfileViewController.swift */,
				61B443271E32802F00E3EE94 /* UserProfileViewLikedPhotosCollectionViewController.swift */,
				61B443251E32802500E3EE94 /* UserProfileViewOwnPhotosCollectionViewController.swift */,
				61B149F81E2F14CF00605BCB /* UserSocialMainAlbumCollectionViewController.swift */,
				61B149FE1E2F14EB00605BCB /* UserSocialMainAlbumTableViewController.swift */,
				61075E3D1E3530D900E25AB3 /* UserSocialMainEventAlbumDetailViewController.swift */,
				61075E391E351C4C00E25AB3 /* UserSocialMainEventAlbumsCollectionViewController.swift */,
				612647091E2E64DA008DC73A /* UserSocialMainListTableViewController.swift */,
				611C501A1E16CC140044E359 /* UserSocialMasterForMainViewController.swift */,
				61C130C01E289901006E4191 /* UserSocialMasterForProfileViewController.swift */,
				612647151E2E8771008DC73A /* UserSocialProfileLikedCollectionViewController.swift */,
				612647171E2E877D008DC73A /* UserSocialProfileOwnCollectionViewController.swift */,
				61ABEC481E2B392500786152 /* UserSocialSelectImageViewController.swift */,
				612647041E2E3955008DC73A /* UserSocialUploadImageViewController.swift */,
				61CCEC9D1E2BF387008B36A9 /* UserSocialMainGridCollectionViewController.swift */,
				AF45108A1E35CCAD00789FD0 /* UserLeaderboardViewController.swift */,
				04E93EF51E36141F0044820D /* SignupViewController.swift */,
				61B25FFA1E37E13B0090A70D /* UserProfileEditPasswordViewController.swift */,
			);
			name = Controllers;
			sourceTree = "<group>";
		};
		81FADAEF1DE44095007D27C8 /* Library */ = {
			isa = PBXGroup;
			children = (
				61985AF41E16A65600D7AB37 /* Charts.xcodeproj */,
				046C5C231E12449B001B7C61 /* FirebaseStorage.framework */,
				046C5C241E12449B001B7C61 /* GoogleNetworkingUtilities.framework */,
				811BDA491DE8300E00D2D448 /* FirebaseAnalytics.framework */,
				811BDA4A1DE8300E00D2D448 /* FirebaseInstanceID.framework */,
				811BDA4B1DE8300E00D2D448 /* GoogleInterchangeUtilities.framework */,
				811BDA4C1DE8300E00D2D448 /* GoogleSymbolUtilities.framework */,
				811BDA4D1DE8300E00D2D448 /* GoogleUtilities.framework */,
				811BDA4E1DE8300E00D2D448 /* FirebaseDatabase.framework */,
				811BDA471DE82FF800D2D448 /* Firebase.h */,
				811BDA481DE82FF800D2D448 /* module.modulemap */,
				816A87B81DF1467300232C08 /* BridgingHeader.h */,
				816A87B91DF1467300232C08 /* BridgingHeader.m */,
				816A87B71DF1467200232C08 /* NYP25-Bridging-Header.h */,
			);
			name = Library;
			sourceTree = "<group>";
		};
		81FADAF11DE44205007D27C8 /* Application */ = {
			isa = PBXGroup;
			children = (
				81FADAFE1DE4453E007D27C8 /* AdminMain.storyboard */,
				81FADAA01DE43912007D27C8 /* AppDelegate.swift */,
				81FADAF21DE443F1007D27C8 /* Launch Screen.storyboard */,
				81FADAA41DE43912007D27C8 /* Login.storyboard */,
				27B88D831DF2B9F80045C98B /* UserEvents.storyboard */,
				27B88D7F1DF2B9DD0045C98B /* UserInbox.storyboard */,
				27B88D811DF2B9ED0045C98B /* UserLeaderboard.storyboard */,
				27B88D7B1DF2B9B80045C98B /* UserMain.storyboard */,
				27B88D7D1DF2B9CD0045C98B /* UserProfile.storyboard */,
				27B88D851DF2BA040045C98B /* UserSocial.storyboard */,
			);
			name = Application;
			sourceTree = "<group>";
		};
/* End PBXGroup section */

/* Begin PBXNativeTarget section */
		81FADA9C1DE43912007D27C8 /* NYP25 */ = {
			isa = PBXNativeTarget;
			buildConfigurationList = 81FADAC51DE43912007D27C8 /* Build configuration list for PBXNativeTarget "NYP25" */;
			buildPhases = (
				81FADA991DE43912007D27C8 /* Sources */,
				81FADA9A1DE43912007D27C8 /* Frameworks */,
				81FADA9B1DE43912007D27C8 /* Resources */,
				04AEEFF61E1698D6005E13A8 /* Embed Frameworks */,
			);
			buildRules = (
			);
			dependencies = (
				61296A9F1E16B706007CA079 /* PBXTargetDependency */,
			);
			name = NYP25;
			productName = NYP25;
			productReference = 81FADA9D1DE43912007D27C8 /* NYP25.app */;
			productType = "com.apple.product-type.application";
		};
		81FADAB01DE43912007D27C8 /* NYP25Tests */ = {
			isa = PBXNativeTarget;
			buildConfigurationList = 81FADAC81DE43912007D27C8 /* Build configuration list for PBXNativeTarget "NYP25Tests" */;
			buildPhases = (
				81FADAAD1DE43912007D27C8 /* Sources */,
				81FADAAE1DE43912007D27C8 /* Frameworks */,
				81FADAAF1DE43912007D27C8 /* Resources */,
			);
			buildRules = (
			);
			dependencies = (
				81FADAB31DE43912007D27C8 /* PBXTargetDependency */,
			);
			name = NYP25Tests;
			productName = NYP25Tests;
			productReference = 81FADAB11DE43912007D27C8 /* NYP25Tests.xctest */;
			productType = "com.apple.product-type.bundle.unit-test";
		};
		81FADABB1DE43912007D27C8 /* NYP25UITests */ = {
			isa = PBXNativeTarget;
			buildConfigurationList = 81FADACB1DE43912007D27C8 /* Build configuration list for PBXNativeTarget "NYP25UITests" */;
			buildPhases = (
				81FADAB81DE43912007D27C8 /* Sources */,
				81FADAB91DE43912007D27C8 /* Frameworks */,
				81FADABA1DE43912007D27C8 /* Resources */,
			);
			buildRules = (
			);
			dependencies = (
				81FADABE1DE43912007D27C8 /* PBXTargetDependency */,
			);
			name = NYP25UITests;
			productName = NYP25UITests;
			productReference = 81FADABC1DE43912007D27C8 /* NYP25UITests.xctest */;
			productType = "com.apple.product-type.bundle.ui-testing";
		};
/* End PBXNativeTarget section */

/* Begin PBXProject section */
		81FADA951DE43912007D27C8 /* Project object */ = {
			isa = PBXProject;
			attributes = {
				LastSwiftUpdateCheck = 0800;
				LastUpgradeCheck = 0810;
				ORGANIZATIONNAME = NYP;
				TargetAttributes = {
					81FADA9C1DE43912007D27C8 = {
						CreatedOnToolsVersion = 8.0;
						DevelopmentTeam = 92EHW4TQR2;
						LastSwiftMigration = 0810;
						ProvisioningStyle = Automatic;
					};
					81FADAB01DE43912007D27C8 = {
						CreatedOnToolsVersion = 8.0;
						ProvisioningStyle = Automatic;
						TestTargetID = 81FADA9C1DE43912007D27C8;
					};
					81FADABB1DE43912007D27C8 = {
						CreatedOnToolsVersion = 8.0;
						ProvisioningStyle = Automatic;
						TestTargetID = 81FADA9C1DE43912007D27C8;
					};
				};
			};
			buildConfigurationList = 81FADA981DE43912007D27C8 /* Build configuration list for PBXProject "NYP25" */;
			compatibilityVersion = "Xcode 3.2";
			developmentRegion = English;
			hasScannedForEncodings = 0;
			knownRegions = (
				en,
				Base,
			);
			mainGroup = 81FADA941DE43912007D27C8;
			productRefGroup = 81FADA9E1DE43912007D27C8 /* Products */;
			projectDirPath = "";
			projectReferences = (
				{
					ProductGroup = 61985AF51E16A65600D7AB37 /* Products */;
					ProjectRef = 61985AF41E16A65600D7AB37 /* Charts.xcodeproj */;
				},
			);
			projectRoot = "";
			targets = (
				81FADA9C1DE43912007D27C8 /* NYP25 */,
				81FADAB01DE43912007D27C8 /* NYP25Tests */,
				81FADABB1DE43912007D27C8 /* NYP25UITests */,
			);
		};
/* End PBXProject section */

/* Begin PBXReferenceProxy section */
		61985AFB1E16A65700D7AB37 /* Charts.framework */ = {
			isa = PBXReferenceProxy;
			fileType = wrapper.framework;
			path = Charts.framework;
			remoteRef = 61985AFA1E16A65700D7AB37 /* PBXContainerItemProxy */;
			sourceTree = BUILT_PRODUCTS_DIR;
		};
		61985AFD1E16A65700D7AB37 /* ChartsRealm.framework */ = {
			isa = PBXReferenceProxy;
			fileType = wrapper.framework;
			path = ChartsRealm.framework;
			remoteRef = 61985AFC1E16A65700D7AB37 /* PBXContainerItemProxy */;
			sourceTree = BUILT_PRODUCTS_DIR;
		};
		61985AFF1E16A65700D7AB37 /* ChartsTests.xctest */ = {
			isa = PBXReferenceProxy;
			fileType = wrapper.cfbundle;
			path = ChartsTests.xctest;
			remoteRef = 61985AFE1E16A65700D7AB37 /* PBXContainerItemProxy */;
			sourceTree = BUILT_PRODUCTS_DIR;
		};
/* End PBXReferenceProxy section */

/* Begin PBXResourcesBuildPhase section */
		81FADA9B1DE43912007D27C8 /* Resources */ = {
			isa = PBXResourcesBuildPhase;
			buildActionMask = 2147483647;
			files = (
				27B88D821DF2B9ED0045C98B /* UserLeaderboard.storyboard in Resources */,
				27B88D7E1DF2B9CD0045C98B /* UserProfile.storyboard in Resources */,
				61914E3D1E379A6400FF03F3 /* Assets.xcassets in Resources */,
				81FADAFF1DE4453E007D27C8 /* AdminMain.storyboard in Resources */,
				27B88D801DF2B9DD0045C98B /* UserInbox.storyboard in Resources */,
				27B88D861DF2BA040045C98B /* UserSocial.storyboard in Resources */,
				27B88D7C1DF2B9B80045C98B /* UserMain.storyboard in Resources */,
				27B88D841DF2B9F80045C98B /* UserEvents.storyboard in Resources */,
				81FADAF31DE443F1007D27C8 /* Launch Screen.storyboard in Resources */,
				81FADAA61DE43912007D27C8 /* Login.storyboard in Resources */,
				811BDA561DE8309700D2D448 /* GoogleService-Info.plist in Resources */,
			);
			runOnlyForDeploymentPostprocessing = 0;
		};
		81FADAAF1DE43912007D27C8 /* Resources */ = {
			isa = PBXResourcesBuildPhase;
			buildActionMask = 2147483647;
			files = (
			);
			runOnlyForDeploymentPostprocessing = 0;
		};
		81FADABA1DE43912007D27C8 /* Resources */ = {
			isa = PBXResourcesBuildPhase;
			buildActionMask = 2147483647;
			files = (
			);
			runOnlyForDeploymentPostprocessing = 0;
		};
/* End PBXResourcesBuildPhase section */

/* Begin PBXSourcesBuildPhase section */
		81FADA991DE43912007D27C8 /* Sources */ = {
			isa = PBXSourcesBuildPhase;
			buildActionMask = 2147483647;
			files = (
				61B443241E32801500E3EE94 /* UserProfileViewBadgesCollectionViewController.swift in Sources */,
				61ABEC491E2B392500786152 /* UserSocialSelectImageViewController.swift in Sources */,
				04E6489B1E1537BE00651FA5 /* AdminEventGalleryCollectionViewCell.swift in Sources */,
				81FADB0F1DE44AD3007D27C8 /* LoginViewController.swift in Sources */,
				04ECCCD11E30B3FA00BEB70C /* AdminStatisticsMoreTableViewCell.swift in Sources */,
				61C130C11E289901006E4191 /* UserSocialDM.swift in Sources */,
				04EA47351E13DACB006797D9 /* AdminEventsMasterDetailViewController.swift in Sources */,
				04ED183B1E17FDE5009CA0CD /* AdminStatisticsOneViewController.swift in Sources */,
				04E864D61E33A5CA00FD07D6 /* AdminEventsViewMasterViewController.swift in Sources */,
				61B25FFB1E37E13B0090A70D /* UserProfileEditPasswordViewController.swift in Sources */,
				8166BC4F1DF685AD00FAA37C /* Leaderboard.swift in Sources */,
				61B4431E1E327FE300E3EE94 /* UserProfileViewBadgesCollectionViewCell.swift in Sources */,
				8166BC4B1DF6847100FAA37C /* EventFeedback.swift in Sources */,
				61C130C51E289901006E4191 /* UserSocialMasterForProfileViewController.swift in Sources */,
				04A4ACA81E15718000884164 /* AdminEventReviewTableViewCell.swift in Sources */,
				8166BC571DF6896000FAA37C /* PhotoComment.swift in Sources */,
				8166BC471DF6839000FAA37C /* Badge.swift in Sources */,
				8166BC451DF67FB900FAA37C /* Event.swift in Sources */,
				61075E3E1E3530D900E25AB3 /* UserSocialMainEventAlbumDetailViewController.swift in Sources */,
				81740FF81E2C864E0047B985 /* EventsInAttendance.swift in Sources */,
				04D725451E0D5C8200603CCA /* AdminEventsNewViewController.swift in Sources */,
				612647051E2E3955008DC73A /* UserSocialUploadImageViewController.swift in Sources */,
				8166BC551DF6891000FAA37C /* PhotoLike.swift in Sources */,
				612647131E2E86F2008DC73A /* UserSocialProfileLikedCollectionViewCell.swift in Sources */,
				816A87BE1DF16FAE00232C08 /* AdminHomeViewController.swift in Sources */,
				04E93EF61E36141F0044820D /* SignupViewController.swift in Sources */,
				046C5C2A1E129F2B001B7C61 /* AdminProfileViewController.swift in Sources */,
				04D725471E0D5CD200603CCA /* AdminEventsDetailViewController.swift in Sources */,
				61B149F91E2F14CF00605BCB /* UserSocialMainAlbumCollectionViewController.swift in Sources */,
				046D01321E37A9E3004D1A25 /* AdminEventsGalleryCommentsViewController.swift in Sources */,
				04ED183D1E17FEA0009CA0CD /* AdminStatisticsTwoViewController.swift in Sources */,
				04EA47391E1401E3006797D9 /* AdminEventsReviewViewController.swift in Sources */,
				04EA47371E13DB1F006797D9 /* AdminEventsGalleryViewController.swift in Sources */,
				6126470E1E2E64E7008DC73A /* UserSocialMainListTableViewCell.swift in Sources */,
				04EF868F1E10DE5300842FC4 /* AdminEventsLocationSearchTableViewController.swift in Sources */,
				61B443261E32802500E3EE94 /* UserProfileViewOwnPhotosCollectionViewController.swift in Sources */,
				6126470A1E2E64DA008DC73A /* UserSocialMainListTableViewController.swift in Sources */,
				81FADAA11DE43912007D27C8 /* AppDelegate.swift in Sources */,
				61B4431C1E32437F00E3EE94 /* UserProfileDM.swift in Sources */,
				61075E381E351B7900E25AB3 /* UserSocialMainEventAlbumsCollectionViewCell.swift in Sources */,
				612647181E2E877D008DC73A /* UserSocialProfileOwnCollectionViewController.swift in Sources */,
				8166BC511DF6862100FAA37C /* Social.swift in Sources */,
				04ECCCCF1E30B38700BEB70C /* AdminStatisticsMoreTableViewController.swift in Sources */,
				04F2694D1E0D3ACA00361510 /* AdminEventTableViewCell.swift in Sources */,
				9FFC15051E350A4200037BD2 /* RegisterDM.swift in Sources */,
				61B149FF1E2F14EB00605BCB /* UserSocialMainAlbumTableViewController.swift in Sources */,
				816A87BA1DF1467300232C08 /* BridgingHeader.m in Sources */,
				61B443281E32802F00E3EE94 /* UserProfileViewLikedPhotosCollectionViewController.swift in Sources */,
				61CCEC7F1E2BDA36008B36A9 /* UserSocialGalleryCollectionViewCell.swift in Sources */,
				61CCEC9E1E2BF387008B36A9 /* UserSocialMainGridCollectionViewController.swift in Sources */,
				04EF86911E10E01400842FC4 /* AdminEventsMapViewController.swift in Sources */,
				61B443221E327FFF00E3EE94 /* UserProfileViewLikedPhotosCollectionViewCell.swift in Sources */,
				04ED18391E17FD93009CA0CD /* AdminStatisticsMasterViewController.swift in Sources */,
				61075E3A1E351C4C00E25AB3 /* UserSocialMainEventAlbumsCollectionViewController.swift in Sources */,
				611C501B1E16CC140044E359 /* UserSocialMasterForMainViewController.swift in Sources */,
				61B4431A1E32435A00E3EE94 /* UserProfileViewController.swift in Sources */,
				612647161E2E8771008DC73A /* UserSocialProfileLikedCollectionViewController.swift in Sources */,
				61B443201E327FF400E3EE94 /* UserProfileViewOwnPhotosCollectionViewCell.swift in Sources */,
				8166BC491DF6840600FAA37C /* EventAttendance.swift in Sources */,
				816A87BC1DF1568700232C08 /* GlobalDM.swift in Sources */,
				8175B12B1DEFDE8100FCB205 /* User.swift in Sources */,
				04E93EFA1E363F0A0044820D /* AdminEventsGalleryDetailsViewController.swift in Sources */,
				AF45108B1E35CCAD00789FD0 /* UserLeaderboardViewController.swift in Sources */,
				8166BC431DF67E5700FAA37C /* AdminEventDM.swift in Sources */,
				612647101E2E86D6008DC73A /* UserSocialProfileOwnCollectionViewCell.swift in Sources */,
				61B14A011E2F14F800605BCB /* UserSocialMainAlbumTableViewCell.swift in Sources */,
				811DA5581DEFF34100817B71 /* LoginDM.swift in Sources */,
				8175B12F1DEFE18000FCB205 /* Student.swift in Sources */,
				61B149FD1E2F14DC00605BCB /* UserSocialMainAlbumCollectionViewCell.swift in Sources */,
			);
			runOnlyForDeploymentPostprocessing = 0;
		};
		81FADAAD1DE43912007D27C8 /* Sources */ = {
			isa = PBXSourcesBuildPhase;
			buildActionMask = 2147483647;
			files = (
				81FADAB61DE43912007D27C8 /* NYP25Tests.swift in Sources */,
			);
			runOnlyForDeploymentPostprocessing = 0;
		};
		81FADAB81DE43912007D27C8 /* Sources */ = {
			isa = PBXSourcesBuildPhase;
			buildActionMask = 2147483647;
			files = (
				81FADAC11DE43912007D27C8 /* NYP25UITests.swift in Sources */,
			);
			runOnlyForDeploymentPostprocessing = 0;
		};
/* End PBXSourcesBuildPhase section */

/* Begin PBXTargetDependency section */
		61296A9F1E16B706007CA079 /* PBXTargetDependency */ = {
			isa = PBXTargetDependency;
			name = Charts;
			targetProxy = 61296A9E1E16B706007CA079 /* PBXContainerItemProxy */;
		};
		81FADAB31DE43912007D27C8 /* PBXTargetDependency */ = {
			isa = PBXTargetDependency;
			target = 81FADA9C1DE43912007D27C8 /* NYP25 */;
			targetProxy = 81FADAB21DE43912007D27C8 /* PBXContainerItemProxy */;
		};
		81FADABE1DE43912007D27C8 /* PBXTargetDependency */ = {
			isa = PBXTargetDependency;
			target = 81FADA9C1DE43912007D27C8 /* NYP25 */;
			targetProxy = 81FADABD1DE43912007D27C8 /* PBXContainerItemProxy */;
		};
/* End PBXTargetDependency section */

/* Begin PBXVariantGroup section */
		81FADAA41DE43912007D27C8 /* Login.storyboard */ = {
			isa = PBXVariantGroup;
			children = (
				81FADAA51DE43912007D27C8 /* Base */,
			);
			name = Login.storyboard;
			sourceTree = "<group>";
		};
/* End PBXVariantGroup section */

/* Begin XCBuildConfiguration section */
		81FADAC31DE43912007D27C8 /* Debug */ = {
			isa = XCBuildConfiguration;
			buildSettings = {
				ALWAYS_SEARCH_USER_PATHS = NO;
				CLANG_ANALYZER_NONNULL = YES;
				CLANG_CXX_LANGUAGE_STANDARD = "gnu++0x";
				CLANG_CXX_LIBRARY = "libc++";
				CLANG_ENABLE_MODULES = YES;
				CLANG_ENABLE_OBJC_ARC = YES;
				CLANG_WARN_BOOL_CONVERSION = YES;
				CLANG_WARN_CONSTANT_CONVERSION = YES;
				CLANG_WARN_DIRECT_OBJC_ISA_USAGE = YES_ERROR;
				CLANG_WARN_DOCUMENTATION_COMMENTS = YES;
				CLANG_WARN_EMPTY_BODY = YES;
				CLANG_WARN_ENUM_CONVERSION = YES;
				CLANG_WARN_INFINITE_RECURSION = YES;
				CLANG_WARN_INT_CONVERSION = YES;
				CLANG_WARN_OBJC_ROOT_CLASS = YES_ERROR;
				CLANG_WARN_SUSPICIOUS_MOVE = YES;
				CLANG_WARN_SUSPICIOUS_MOVES = YES;
				CLANG_WARN_UNREACHABLE_CODE = YES;
				CLANG_WARN__DUPLICATE_METHOD_MATCH = YES;
				"CODE_SIGN_IDENTITY[sdk=iphoneos*]" = "iPhone Developer";
				COPY_PHASE_STRIP = NO;
				DEBUG_INFORMATION_FORMAT = dwarf;
				ENABLE_STRICT_OBJC_MSGSEND = YES;
				ENABLE_TESTABILITY = YES;
				GCC_C_LANGUAGE_STANDARD = gnu99;
				GCC_DYNAMIC_NO_PIC = NO;
				GCC_NO_COMMON_BLOCKS = YES;
				GCC_OPTIMIZATION_LEVEL = 0;
				GCC_PREPROCESSOR_DEFINITIONS = (
					"DEBUG=1",
					"$(inherited)",
				);
				GCC_WARN_64_TO_32_BIT_CONVERSION = YES;
				GCC_WARN_ABOUT_RETURN_TYPE = YES_ERROR;
				GCC_WARN_UNDECLARED_SELECTOR = YES;
				GCC_WARN_UNINITIALIZED_AUTOS = YES_AGGRESSIVE;
				GCC_WARN_UNUSED_FUNCTION = YES;
				GCC_WARN_UNUSED_VARIABLE = YES;
				IPHONEOS_DEPLOYMENT_TARGET = 9.0;
				MTL_ENABLE_DEBUG_INFO = YES;
				ONLY_ACTIVE_ARCH = YES;
				SDKROOT = iphoneos;
				SWIFT_ACTIVE_COMPILATION_CONDITIONS = DEBUG;
				SWIFT_OPTIMIZATION_LEVEL = "-Onone";
				TARGETED_DEVICE_FAMILY = "1,2";
			};
			name = Debug;
		};
		81FADAC41DE43912007D27C8 /* Release */ = {
			isa = XCBuildConfiguration;
			buildSettings = {
				ALWAYS_SEARCH_USER_PATHS = NO;
				CLANG_ANALYZER_NONNULL = YES;
				CLANG_CXX_LANGUAGE_STANDARD = "gnu++0x";
				CLANG_CXX_LIBRARY = "libc++";
				CLANG_ENABLE_MODULES = YES;
				CLANG_ENABLE_OBJC_ARC = YES;
				CLANG_WARN_BOOL_CONVERSION = YES;
				CLANG_WARN_CONSTANT_CONVERSION = YES;
				CLANG_WARN_DIRECT_OBJC_ISA_USAGE = YES_ERROR;
				CLANG_WARN_DOCUMENTATION_COMMENTS = YES;
				CLANG_WARN_EMPTY_BODY = YES;
				CLANG_WARN_ENUM_CONVERSION = YES;
				CLANG_WARN_INFINITE_RECURSION = YES;
				CLANG_WARN_INT_CONVERSION = YES;
				CLANG_WARN_OBJC_ROOT_CLASS = YES_ERROR;
				CLANG_WARN_SUSPICIOUS_MOVE = YES;
				CLANG_WARN_SUSPICIOUS_MOVES = YES;
				CLANG_WARN_UNREACHABLE_CODE = YES;
				CLANG_WARN__DUPLICATE_METHOD_MATCH = YES;
				"CODE_SIGN_IDENTITY[sdk=iphoneos*]" = "iPhone Developer";
				COPY_PHASE_STRIP = NO;
				DEBUG_INFORMATION_FORMAT = "dwarf-with-dsym";
				ENABLE_NS_ASSERTIONS = NO;
				ENABLE_STRICT_OBJC_MSGSEND = YES;
				GCC_C_LANGUAGE_STANDARD = gnu99;
				GCC_NO_COMMON_BLOCKS = YES;
				GCC_WARN_64_TO_32_BIT_CONVERSION = YES;
				GCC_WARN_ABOUT_RETURN_TYPE = YES_ERROR;
				GCC_WARN_UNDECLARED_SELECTOR = YES;
				GCC_WARN_UNINITIALIZED_AUTOS = YES_AGGRESSIVE;
				GCC_WARN_UNUSED_FUNCTION = YES;
				GCC_WARN_UNUSED_VARIABLE = YES;
				IPHONEOS_DEPLOYMENT_TARGET = 9.0;
				MTL_ENABLE_DEBUG_INFO = NO;
				SDKROOT = iphoneos;
				SWIFT_OPTIMIZATION_LEVEL = "-Owholemodule";
				TARGETED_DEVICE_FAMILY = "1,2";
				VALIDATE_PRODUCT = YES;
			};
			name = Release;
		};
		81FADAC61DE43912007D27C8 /* Debug */ = {
			isa = XCBuildConfiguration;
			buildSettings = {
				ALWAYS_EMBED_SWIFT_STANDARD_LIBRARIES = YES;
				ASSETCATALOG_COMPILER_APPICON_NAME = AppIcon;
				CLANG_ENABLE_MODULES = YES;
				DEVELOPMENT_TEAM = 92EHW4TQR2;
				FRAMEWORK_SEARCH_PATHS = (
					"$(inherited)",
					"$(PROJECT_DIR)/NYP25",
				);
				INFOPLIST_FILE = NYP25/Info.plist;
				LD_RUNPATH_SEARCH_PATHS = "$(inherited) @executable_path/Frameworks";
				OTHER_LDFLAGS = "-ObjC";
				PRODUCT_BUNDLE_IDENTIFIER = com.nyp.sake.NYP25;
				PRODUCT_NAME = "$(TARGET_NAME)";
				SWIFT_OBJC_BRIDGING_HEADER = "NYP25/NYP25-Bridging-Header.h";
				SWIFT_OPTIMIZATION_LEVEL = "-Onone";
				SWIFT_VERSION = 3.0;
				USER_HEADER_SEARCH_PATHS = "$(SRCROOT)/NYP25/";
			};
			name = Debug;
		};
		81FADAC71DE43912007D27C8 /* Release */ = {
			isa = XCBuildConfiguration;
			buildSettings = {
				ALWAYS_EMBED_SWIFT_STANDARD_LIBRARIES = YES;
				ASSETCATALOG_COMPILER_APPICON_NAME = AppIcon;
				CLANG_ENABLE_MODULES = YES;
				DEVELOPMENT_TEAM = 92EHW4TQR2;
				FRAMEWORK_SEARCH_PATHS = (
					"$(inherited)",
					"$(PROJECT_DIR)/NYP25",
				);
				INFOPLIST_FILE = NYP25/Info.plist;
				LD_RUNPATH_SEARCH_PATHS = "$(inherited) @executable_path/Frameworks";
				OTHER_LDFLAGS = "-ObjC";
				PRODUCT_BUNDLE_IDENTIFIER = com.nyp.sake.NYP25;
				PRODUCT_NAME = "$(TARGET_NAME)";
				SWIFT_OBJC_BRIDGING_HEADER = "NYP25/NYP25-Bridging-Header.h";
				SWIFT_VERSION = 3.0;
				USER_HEADER_SEARCH_PATHS = "$(SRCROOT)/NYP25/";
			};
			name = Release;
		};
		81FADAC91DE43912007D27C8 /* Debug */ = {
			isa = XCBuildConfiguration;
			buildSettings = {
				ALWAYS_EMBED_SWIFT_STANDARD_LIBRARIES = YES;
				BUNDLE_LOADER = "$(TEST_HOST)";
				INFOPLIST_FILE = NYP25Tests/Info.plist;
				LD_RUNPATH_SEARCH_PATHS = "$(inherited) @executable_path/Frameworks @loader_path/Frameworks";
				PRODUCT_BUNDLE_IDENTIFIER = com.nyp.sake.NYP25Tests;
				PRODUCT_NAME = "$(TARGET_NAME)";
				SWIFT_VERSION = 3.0;
				TEST_HOST = "$(BUILT_PRODUCTS_DIR)/NYP25.app/NYP25";
			};
			name = Debug;
		};
		81FADACA1DE43912007D27C8 /* Release */ = {
			isa = XCBuildConfiguration;
			buildSettings = {
				ALWAYS_EMBED_SWIFT_STANDARD_LIBRARIES = YES;
				BUNDLE_LOADER = "$(TEST_HOST)";
				INFOPLIST_FILE = NYP25Tests/Info.plist;
				LD_RUNPATH_SEARCH_PATHS = "$(inherited) @executable_path/Frameworks @loader_path/Frameworks";
				PRODUCT_BUNDLE_IDENTIFIER = com.nyp.sake.NYP25Tests;
				PRODUCT_NAME = "$(TARGET_NAME)";
				SWIFT_VERSION = 3.0;
				TEST_HOST = "$(BUILT_PRODUCTS_DIR)/NYP25.app/NYP25";
			};
			name = Release;
		};
		81FADACC1DE43912007D27C8 /* Debug */ = {
			isa = XCBuildConfiguration;
			buildSettings = {
				ALWAYS_EMBED_SWIFT_STANDARD_LIBRARIES = YES;
				INFOPLIST_FILE = NYP25UITests/Info.plist;
				LD_RUNPATH_SEARCH_PATHS = "$(inherited) @executable_path/Frameworks @loader_path/Frameworks";
				PRODUCT_BUNDLE_IDENTIFIER = com.nyp.sake.NYP25UITests;
				PRODUCT_NAME = "$(TARGET_NAME)";
				SWIFT_VERSION = 3.0;
				TEST_TARGET_NAME = NYP25;
			};
			name = Debug;
		};
		81FADACD1DE43912007D27C8 /* Release */ = {
			isa = XCBuildConfiguration;
			buildSettings = {
				ALWAYS_EMBED_SWIFT_STANDARD_LIBRARIES = YES;
				INFOPLIST_FILE = NYP25UITests/Info.plist;
				LD_RUNPATH_SEARCH_PATHS = "$(inherited) @executable_path/Frameworks @loader_path/Frameworks";
				PRODUCT_BUNDLE_IDENTIFIER = com.nyp.sake.NYP25UITests;
				PRODUCT_NAME = "$(TARGET_NAME)";
				SWIFT_VERSION = 3.0;
				TEST_TARGET_NAME = NYP25;
			};
			name = Release;
		};
/* End XCBuildConfiguration section */

/* Begin XCConfigurationList section */
		81FADA981DE43912007D27C8 /* Build configuration list for PBXProject "NYP25" */ = {
			isa = XCConfigurationList;
			buildConfigurations = (
				81FADAC31DE43912007D27C8 /* Debug */,
				81FADAC41DE43912007D27C8 /* Release */,
			);
			defaultConfigurationIsVisible = 0;
			defaultConfigurationName = Release;
		};
		81FADAC51DE43912007D27C8 /* Build configuration list for PBXNativeTarget "NYP25" */ = {
			isa = XCConfigurationList;
			buildConfigurations = (
				81FADAC61DE43912007D27C8 /* Debug */,
				81FADAC71DE43912007D27C8 /* Release */,
			);
			defaultConfigurationIsVisible = 0;
			defaultConfigurationName = Release;
		};
		81FADAC81DE43912007D27C8 /* Build configuration list for PBXNativeTarget "NYP25Tests" */ = {
			isa = XCConfigurationList;
			buildConfigurations = (
				81FADAC91DE43912007D27C8 /* Debug */,
				81FADACA1DE43912007D27C8 /* Release */,
			);
			defaultConfigurationIsVisible = 0;
			defaultConfigurationName = Release;
		};
		81FADACB1DE43912007D27C8 /* Build configuration list for PBXNativeTarget "NYP25UITests" */ = {
			isa = XCConfigurationList;
			buildConfigurations = (
				81FADACC1DE43912007D27C8 /* Debug */,
				81FADACD1DE43912007D27C8 /* Release */,
			);
			defaultConfigurationIsVisible = 0;
			defaultConfigurationName = Release;
		};
/* End XCConfigurationList section */
	};
	rootObject = 81FADA951DE43912007D27C8 /* Project object */;
}
